
Microsoft Visual Studio Solution File, Format Version 12.00
# Visual Studio Version 16
VisualStudioVersion = 16.0.30804.86
MinimumVisualStudioVersion = 10.0.40219.1
Project("{2150E333-8FDC-42A3-9474-1A3956D46DE8}") = "Services", "Services", "{18CD06DF-0E70-43D9-BD57-E7C9D806906A}"
EndProject
Project("{2150E333-8FDC-42A3-9474-1A3956D46DE8}") = "Catalog", "Catalog", "{E7254661-8671-4D5D-9F8A-4CDA26EEEFAF}"
EndProject
Project("{9A19103F-16F7-4668-BE54-9A1E7A4F7556}") = "Catalog.API", "Services\catalog\Catalog.API\Catalog.API.csproj", "{523679A3-90DF-4375-B118-FA794A317D20}"
EndProject
Project("{E53339B2-1760-4266-BCC7-CA923CBCF16C}") = "docker-compose", "docker-compose.dcproj", "{B6458DEC-6650-4260-BCBF-AFD311FE114B}"
EndProject
Project("{2150E333-8FDC-42A3-9474-1A3956D46DE8}") = "Basket", "Basket", "{1EC7E1C3-E778-4A74-A893-48680115656F}"
EndProject
Project("{9A19103F-16F7-4668-BE54-9A1E7A4F7556}") = "Basket.API", "Services\Basket\Basket.API\Basket.API.csproj", "{3220D84F-6E0B-4F92-B692-01599406B6AE}"
EndProject
Project("{2150E333-8FDC-42A3-9474-1A3956D46DE8}") = "Discount", "Discount", "{BE4255F3-49E1-4842-9B53-7742715D3903}"
EndProject
Project("{FAE04EC0-301F-11D3-BF4B-00C04F79EFBC}") = "Discount.API", "Services\Discount\Discount.API\Discount.API.csproj", "{570807A2-812D-4417-BC51-F0A73622942A}"
EndProject
Global
	GlobalSection(SolutionConfigurationPlatforms) = preSolution
		Debug|Any CPU = Debug|Any CPU
		Release|Any CPU = Release|Any CPU
	EndGlobalSection
	GlobalSection(ProjectConfigurationPlatforms) = postSolution
		{523679A3-90DF-4375-B118-FA794A317D20}.Debug|Any CPU.ActiveCfg = Debug|Any CPU
		{523679A3-90DF-4375-B118-FA794A317D20}.Debug|Any CPU.Build.0 = Debug|Any CPU
		{523679A3-90DF-4375-B118-FA794A317D20}.Release|Any CPU.ActiveCfg = Release|Any CPU
		{523679A3-90DF-4375-B118-FA794A317D20}.Release|Any CPU.Build.0 = Release|Any CPU
		{B6458DEC-6650-4260-BCBF-AFD311FE114B}.Debug|Any CPU.ActiveCfg = Debug|Any CPU
		{B6458DEC-6650-4260-BCBF-AFD311FE114B}.Debug|Any CPU.Build.0 = Debug|Any CPU
		{B6458DEC-6650-4260-BCBF-AFD311FE114B}.Release|Any CPU.ActiveCfg = Release|Any CPU
		{B6458DEC-6650-4260-BCBF-AFD311FE114B}.Release|Any CPU.Build.0 = Release|Any CPU
		{3220D84F-6E0B-4F92-B692-01599406B6AE}.Debug|Any CPU.ActiveCfg = Debug|Any CPU
		{3220D84F-6E0B-4F92-B692-01599406B6AE}.Debug|Any CPU.Build.0 = Debug|Any CPU
		{3220D84F-6E0B-4F92-B692-01599406B6AE}.Release|Any CPU.ActiveCfg = Release|Any CPU
		{3220D84F-6E0B-4F92-B692-01599406B6AE}.Release|Any CPU.Build.0 = Release|Any CPU
		{570807A2-812D-4417-BC51-F0A73622942A}.Debug|Any CPU.ActiveCfg = Debug|Any CPU
		{570807A2-812D-4417-BC51-F0A73622942A}.Debug|Any CPU.Build.0 = Debug|Any CPU
		{570807A2-812D-4417-BC51-F0A73622942A}.Release|Any CPU.ActiveCfg = Release|Any CPU
		{570807A2-812D-4417-BC51-F0A73622942A}.Release|Any CPU.Build.0 = Release|Any CPU
	EndGlobalSection
	GlobalSection(SolutionProperties) = preSolution
		HideSolutionNode = FALSE
	EndGlobalSection
	GlobalSection(NestedProjects) = preSolution
		{E7254661-8671-4D5D-9F8A-4CDA26EEEFAF} = {18CD06DF-0E70-43D9-BD57-E7C9D806906A}
		{523679A3-90DF-4375-B118-FA794A317D20} = {E7254661-8671-4D5D-9F8A-4CDA26EEEFAF}
		{1EC7E1C3-E778-4A74-A893-48680115656F} = {18CD06DF-0E70-43D9-BD57-E7C9D806906A}
		{3220D84F-6E0B-4F92-B692-01599406B6AE} = {1EC7E1C3-E778-4A74-A893-48680115656F}
		{BE4255F3-49E1-4842-9B53-7742715D3903} = {18CD06DF-0E70-43D9-BD57-E7C9D806906A}
		{570807A2-812D-4417-BC51-F0A73622942A} = {BE4255F3-49E1-4842-9B53-7742715D3903}
	EndGlobalSection
	GlobalSection(ExtensibilityGlobals) = postSolution
		SolutionGuid = {CF6E4644-D188-4AED-AADE-4BA12AB4F88B}
	EndGlobalSection
EndGlobal
